// !$*UTF8*$!
{
	archiveVersion = 1;
	classes = {
	};
	objectVersion = 56;
	objects = {

/* Begin PBXBuildFile section */
		0A2A7B8229C6AF6F00BBDA31 /* FloatingPanel.swift in Sources */ = {isa = PBXBuildFile; fileRef = 0A2A7B8129C6AF6F00BBDA31 /* FloatingPanel.swift */; };
		0A2A7B8429C73D9200BBDA31 /* Modifier+Extension.swift in Sources */ = {isa = PBXBuildFile; fileRef = 0A2A7B8329C73D9200BBDA31 /* Modifier+Extension.swift */; };
		0A2A7B8629C74FC700BBDA31 /* VisualEffectView.swift in Sources */ = {isa = PBXBuildFile; fileRef = 0A2A7B8529C74FC700BBDA31 /* VisualEffectView.swift */; };
		0A2A7B8929C788B800BBDA31 /* SettingsView.swift in Sources */ = {isa = PBXBuildFile; fileRef = 0A2A7B8829C788B800BBDA31 /* SettingsView.swift */; };
		0A2A7B8C29C7C56D00BBDA31 /* FileWriter.swift in Sources */ = {isa = PBXBuildFile; fileRef = 0A2A7B8B29C7C56D00BBDA31 /* FileWriter.swift */; };
		0AAD267D29C66E80003764FB /* SwiftDown in Frameworks */ = {isa = PBXBuildFile; productRef = 0AAD267C29C66E80003764FB /* SwiftDown */; };
		0AAD268029C6796F003764FB /* KeyboardShortcuts in Frameworks */ = {isa = PBXBuildFile; productRef = 0AAD267F29C6796F003764FB /* KeyboardShortcuts */; };
		0AAD268329C67B72003764FB /* HotKey in Frameworks */ = {isa = PBXBuildFile; productRef = 0AAD268229C67B72003764FB /* HotKey */; };
		0AD5C73229C66A2500D4C07F /* CaptureApp.swift in Sources */ = {isa = PBXBuildFile; fileRef = 0AD5C73129C66A2500D4C07F /* CaptureApp.swift */; };
		0AD5C73429C66A2500D4C07F /* ContentView.swift in Sources */ = {isa = PBXBuildFile; fileRef = 0AD5C73329C66A2500D4C07F /* ContentView.swift */; };
		0AD5C73629C66A2700D4C07F /* Assets.xcassets in Resources */ = {isa = PBXBuildFile; fileRef = 0AD5C73529C66A2700D4C07F /* Assets.xcassets */; };
		0AD5C73929C66A2700D4C07F /* Preview Assets.xcassets in Resources */ = {isa = PBXBuildFile; fileRef = 0AD5C73829C66A2700D4C07F /* Preview Assets.xcassets */; };
		0AD5C74429C66A2700D4C07F /* CaptureTests.swift in Sources */ = {isa = PBXBuildFile; fileRef = 0AD5C74329C66A2700D4C07F /* CaptureTests.swift */; };
		0AD5C74E29C66A2700D4C07F /* CaptureUITests.swift in Sources */ = {isa = PBXBuildFile; fileRef = 0AD5C74D29C66A2700D4C07F /* CaptureUITests.swift */; };
		0AD5C75029C66A2700D4C07F /* CaptureUITestsLaunchTests.swift in Sources */ = {isa = PBXBuildFile; fileRef = 0AD5C74F29C66A2700D4C07F /* CaptureUITestsLaunchTests.swift */; };
/* End PBXBuildFile section */

/* Begin PBXContainerItemProxy section */
		0AD5C74029C66A2700D4C07F /* PBXContainerItemProxy */ = {
			isa = PBXContainerItemProxy;
			containerPortal = 0AD5C72629C66A2500D4C07F /* Project object */;
			proxyType = 1;
			remoteGlobalIDString = 0AD5C72D29C66A2500D4C07F;
			remoteInfo = Capture;
		};
		0AD5C74A29C66A2700D4C07F /* PBXContainerItemProxy */ = {
			isa = PBXContainerItemProxy;
			containerPortal = 0AD5C72629C66A2500D4C07F /* Project object */;
			proxyType = 1;
			remoteGlobalIDString = 0AD5C72D29C66A2500D4C07F;
			remoteInfo = Capture;
		};
/* End PBXContainerItemProxy section */

/* Begin PBXFileReference section */
		0A2A7B8129C6AF6F00BBDA31 /* FloatingPanel.swift */ = {isa = PBXFileReference; lastKnownFileType = sourcecode.swift; path = FloatingPanel.swift; sourceTree = "<group>"; };
		0A2A7B8329C73D9200BBDA31 /* Modifier+Extension.swift */ = {isa = PBXFileReference; lastKnownFileType = sourcecode.swift; path = "Modifier+Extension.swift"; sourceTree = "<group>"; };
		0A2A7B8529C74FC700BBDA31 /* VisualEffectView.swift */ = {isa = PBXFileReference; lastKnownFileType = sourcecode.swift; path = VisualEffectView.swift; sourceTree = "<group>"; };
		0A2A7B8829C788B800BBDA31 /* SettingsView.swift */ = {isa = PBXFileReference; lastKnownFileType = sourcecode.swift; path = SettingsView.swift; sourceTree = "<group>"; };
		0A2A7B8B29C7C56D00BBDA31 /* FileWriter.swift */ = {isa = PBXFileReference; lastKnownFileType = sourcecode.swift; path = FileWriter.swift; sourceTree = "<group>"; };
		0AD5C72E29C66A2500D4C07F /* Capture.app */ = {isa = PBXFileReference; explicitFileType = wrapper.application; includeInIndex = 0; path = Capture.app; sourceTree = BUILT_PRODUCTS_DIR; };
		0AD5C73129C66A2500D4C07F /* CaptureApp.swift */ = {isa = PBXFileReference; lastKnownFileType = sourcecode.swift; path = CaptureApp.swift; sourceTree = "<group>"; };
		0AD5C73329C66A2500D4C07F /* ContentView.swift */ = {isa = PBXFileReference; lastKnownFileType = sourcecode.swift; path = ContentView.swift; sourceTree = "<group>"; };
		0AD5C73529C66A2700D4C07F /* Assets.xcassets */ = {isa = PBXFileReference; lastKnownFileType = folder.assetcatalog; path = Assets.xcassets; sourceTree = "<group>"; };
		0AD5C73829C66A2700D4C07F /* Preview Assets.xcassets */ = {isa = PBXFileReference; lastKnownFileType = folder.assetcatalog; path = "Preview Assets.xcassets"; sourceTree = "<group>"; };
		0AD5C73A29C66A2700D4C07F /* Capture.entitlements */ = {isa = PBXFileReference; lastKnownFileType = text.plist.entitlements; path = Capture.entitlements; sourceTree = "<group>"; };
		0AD5C73F29C66A2700D4C07F /* CaptureTests.xctest */ = {isa = PBXFileReference; explicitFileType = wrapper.cfbundle; includeInIndex = 0; path = CaptureTests.xctest; sourceTree = BUILT_PRODUCTS_DIR; };
		0AD5C74329C66A2700D4C07F /* CaptureTests.swift */ = {isa = PBXFileReference; lastKnownFileType = sourcecode.swift; path = CaptureTests.swift; sourceTree = "<group>"; };
		0AD5C74929C66A2700D4C07F /* CaptureUITests.xctest */ = {isa = PBXFileReference; explicitFileType = wrapper.cfbundle; includeInIndex = 0; path = CaptureUITests.xctest; sourceTree = BUILT_PRODUCTS_DIR; };
		0AD5C74D29C66A2700D4C07F /* CaptureUITests.swift */ = {isa = PBXFileReference; lastKnownFileType = sourcecode.swift; path = CaptureUITests.swift; sourceTree = "<group>"; };
		0AD5C74F29C66A2700D4C07F /* CaptureUITestsLaunchTests.swift */ = {isa = PBXFileReference; lastKnownFileType = sourcecode.swift; path = CaptureUITestsLaunchTests.swift; sourceTree = "<group>"; };
/* End PBXFileReference section */

/* Begin PBXFrameworksBuildPhase section */
		0AD5C72B29C66A2500D4C07F /* Frameworks */ = {
			isa = PBXFrameworksBuildPhase;
			buildActionMask = 2147483647;
			files = (
				0AAD268329C67B72003764FB /* HotKey in Frameworks */,
				0AAD267D29C66E80003764FB /* SwiftDown in Frameworks */,
				0AAD268029C6796F003764FB /* KeyboardShortcuts in Frameworks */,
			);
			runOnlyForDeploymentPostprocessing = 0;
		};
		0AD5C73C29C66A2700D4C07F /* Frameworks */ = {
			isa = PBXFrameworksBuildPhase;
			buildActionMask = 2147483647;
			files = (
			);
			runOnlyForDeploymentPostprocessing = 0;
		};
		0AD5C74629C66A2700D4C07F /* Frameworks */ = {
			isa = PBXFrameworksBuildPhase;
			buildActionMask = 2147483647;
			files = (
			);
			runOnlyForDeploymentPostprocessing = 0;
		};
/* End PBXFrameworksBuildPhase section */

/* Begin PBXGroup section */
		0A2A7B8029C6AF5D00BBDA31 /* Panel */ = {
			isa = PBXGroup;
			children = (
				0A2A7B8129C6AF6F00BBDA31 /* FloatingPanel.swift */,
				0A2A7B8329C73D9200BBDA31 /* Modifier+Extension.swift */,
				0A2A7B8529C74FC700BBDA31 /* VisualEffectView.swift */,
			);
			path = Panel;
			sourceTree = "<group>";
		};
		0A2A7B8729C788AA00BBDA31 /* Settings */ = {
			isa = PBXGroup;
			children = (
				0A2A7B8829C788B800BBDA31 /* SettingsView.swift */,
			);
			path = Settings;
			sourceTree = "<group>";
		};
		0A2A7B8A29C7C54500BBDA31 /* File */ = {
			isa = PBXGroup;
			children = (
				0A2A7B8B29C7C56D00BBDA31 /* FileWriter.swift */,
			);
			path = File;
			sourceTree = "<group>";
		};
		0AD5C72529C66A2500D4C07F = {
			isa = PBXGroup;
			children = (
				0AD5C73029C66A2500D4C07F /* Capture */,
				0AD5C74229C66A2700D4C07F /* CaptureTests */,
				0AD5C74C29C66A2700D4C07F /* CaptureUITests */,
				0AD5C72F29C66A2500D4C07F /* Products */,
				0AFEE38129C66DC8002D6B3D /* Frameworks */,
			);
			sourceTree = "<group>";
		};
		0AD5C72F29C66A2500D4C07F /* Products */ = {
			isa = PBXGroup;
			children = (
				0AD5C72E29C66A2500D4C07F /* Capture.app */,
				0AD5C73F29C66A2700D4C07F /* CaptureTests.xctest */,
				0AD5C74929C66A2700D4C07F /* CaptureUITests.xctest */,
			);
			name = Products;
			sourceTree = "<group>";
		};
		0AD5C73029C66A2500D4C07F /* Capture */ = {
			isa = PBXGroup;
			children = (
				0A2A7B8A29C7C54500BBDA31 /* File */,
				0A2A7B8729C788AA00BBDA31 /* Settings */,
				0A2A7B8029C6AF5D00BBDA31 /* Panel */,
				0AD5C73129C66A2500D4C07F /* CaptureApp.swift */,
				0AD5C73329C66A2500D4C07F /* ContentView.swift */,
				0AD5C73529C66A2700D4C07F /* Assets.xcassets */,
				0AD5C73A29C66A2700D4C07F /* Capture.entitlements */,
				0AD5C73729C66A2700D4C07F /* Preview Content */,
			);
			path = Capture;
			sourceTree = "<group>";
		};
		0AD5C73729C66A2700D4C07F /* Preview Content */ = {
			isa = PBXGroup;
			children = (
				0AD5C73829C66A2700D4C07F /* Preview Assets.xcassets */,
			);
			path = "Preview Content";
			sourceTree = "<group>";
		};
		0AD5C74229C66A2700D4C07F /* CaptureTests */ = {
			isa = PBXGroup;
			children = (
				0AD5C74329C66A2700D4C07F /* CaptureTests.swift */,
			);
			path = CaptureTests;
			sourceTree = "<group>";
		};
		0AD5C74C29C66A2700D4C07F /* CaptureUITests */ = {
			isa = PBXGroup;
			children = (
				0AD5C74D29C66A2700D4C07F /* CaptureUITests.swift */,
				0AD5C74F29C66A2700D4C07F /* CaptureUITestsLaunchTests.swift */,
			);
			path = CaptureUITests;
			sourceTree = "<group>";
		};
		0AFEE38129C66DC8002D6B3D /* Frameworks */ = {
			isa = PBXGroup;
			children = (
			);
			name = Frameworks;
			sourceTree = "<group>";
		};
/* End PBXGroup section */

/* Begin PBXNativeTarget section */
		0AD5C72D29C66A2500D4C07F /* Capture */ = {
			isa = PBXNativeTarget;
			buildConfigurationList = 0AD5C75329C66A2700D4C07F /* Build configuration list for PBXNativeTarget "Capture" */;
			buildPhases = (
				0AD5C72A29C66A2500D4C07F /* Sources */,
				0AD5C72B29C66A2500D4C07F /* Frameworks */,
				0AD5C72C29C66A2500D4C07F /* Resources */,
			);
			buildRules = (
			);
			dependencies = (
			);
			name = Capture;
			packageProductDependencies = (
				0AAD267C29C66E80003764FB /* SwiftDown */,
				0AAD267F29C6796F003764FB /* KeyboardShortcuts */,
				0AAD268229C67B72003764FB /* HotKey */,
			);
			productName = Capture;
			productReference = 0AD5C72E29C66A2500D4C07F /* Capture.app */;
			productType = "com.apple.product-type.application";
		};
		0AD5C73E29C66A2700D4C07F /* CaptureTests */ = {
			isa = PBXNativeTarget;
			buildConfigurationList = 0AD5C75629C66A2700D4C07F /* Build configuration list for PBXNativeTarget "CaptureTests" */;
			buildPhases = (
				0AD5C73B29C66A2700D4C07F /* Sources */,
				0AD5C73C29C66A2700D4C07F /* Frameworks */,
				0AD5C73D29C66A2700D4C07F /* Resources */,
			);
			buildRules = (
			);
			dependencies = (
				0AD5C74129C66A2700D4C07F /* PBXTargetDependency */,
			);
			name = CaptureTests;
			productName = CaptureTests;
			productReference = 0AD5C73F29C66A2700D4C07F /* CaptureTests.xctest */;
			productType = "com.apple.product-type.bundle.unit-test";
		};
		0AD5C74829C66A2700D4C07F /* CaptureUITests */ = {
			isa = PBXNativeTarget;
			buildConfigurationList = 0AD5C75929C66A2700D4C07F /* Build configuration list for PBXNativeTarget "CaptureUITests" */;
			buildPhases = (
				0AD5C74529C66A2700D4C07F /* Sources */,
				0AD5C74629C66A2700D4C07F /* Frameworks */,
				0AD5C74729C66A2700D4C07F /* Resources */,
			);
			buildRules = (
			);
			dependencies = (
				0AD5C74B29C66A2700D4C07F /* PBXTargetDependency */,
			);
			name = CaptureUITests;
			productName = CaptureUITests;
			productReference = 0AD5C74929C66A2700D4C07F /* CaptureUITests.xctest */;
			productType = "com.apple.product-type.bundle.ui-testing";
		};
/* End PBXNativeTarget section */

/* Begin PBXProject section */
		0AD5C72629C66A2500D4C07F /* Project object */ = {
			isa = PBXProject;
			attributes = {
				BuildIndependentTargetsInParallel = 1;
				LastSwiftUpdateCheck = 1420;
				LastUpgradeCheck = 1420;
				TargetAttributes = {
					0AD5C72D29C66A2500D4C07F = {
						CreatedOnToolsVersion = 14.2;
					};
					0AD5C73E29C66A2700D4C07F = {
						CreatedOnToolsVersion = 14.2;
						TestTargetID = 0AD5C72D29C66A2500D4C07F;
					};
					0AD5C74829C66A2700D4C07F = {
						CreatedOnToolsVersion = 14.2;
						TestTargetID = 0AD5C72D29C66A2500D4C07F;
					};
				};
			};
			buildConfigurationList = 0AD5C72929C66A2500D4C07F /* Build configuration list for PBXProject "Capture" */;
			compatibilityVersion = "Xcode 14.0";
			developmentRegion = en;
			hasScannedForEncodings = 0;
			knownRegions = (
				en,
				Base,
			);
			mainGroup = 0AD5C72529C66A2500D4C07F;
			packageReferences = (
				0AAD267B29C66E80003764FB /* XCRemoteSwiftPackageReference "SwiftDown" */,
				0AAD267E29C6796F003764FB /* XCRemoteSwiftPackageReference "KeyboardShortcuts" */,
				0AAD268129C67B72003764FB /* XCRemoteSwiftPackageReference "HotKey" */,
			);
			productRefGroup = 0AD5C72F29C66A2500D4C07F /* Products */;
			projectDirPath = "";
			projectRoot = "";
			targets = (
				0AD5C72D29C66A2500D4C07F /* Capture */,
				0AD5C73E29C66A2700D4C07F /* CaptureTests */,
				0AD5C74829C66A2700D4C07F /* CaptureUITests */,
			);
		};
/* End PBXProject section */

/* Begin PBXResourcesBuildPhase section */
		0AD5C72C29C66A2500D4C07F /* Resources */ = {
			isa = PBXResourcesBuildPhase;
			buildActionMask = 2147483647;
			files = (
				0AD5C73929C66A2700D4C07F /* Preview Assets.xcassets in Resources */,
				0AD5C73629C66A2700D4C07F /* Assets.xcassets in Resources */,
			);
			runOnlyForDeploymentPostprocessing = 0;
		};
		0AD5C73D29C66A2700D4C07F /* Resources */ = {
			isa = PBXResourcesBuildPhase;
			buildActionMask = 2147483647;
			files = (
			);
			runOnlyForDeploymentPostprocessing = 0;
		};
		0AD5C74729C66A2700D4C07F /* Resources */ = {
			isa = PBXResourcesBuildPhase;
			buildActionMask = 2147483647;
			files = (
			);
			runOnlyForDeploymentPostprocessing = 0;
		};
/* End PBXResourcesBuildPhase section */

/* Begin PBXSourcesBuildPhase section */
		0AD5C72A29C66A2500D4C07F /* Sources */ = {
			isa = PBXSourcesBuildPhase;
			buildActionMask = 2147483647;
			files = (
				0A2A7B8629C74FC700BBDA31 /* VisualEffectView.swift in Sources */,
				0AD5C73429C66A2500D4C07F /* ContentView.swift in Sources */,
				0AD5C73229C66A2500D4C07F /* CaptureApp.swift in Sources */,
				0A2A7B8929C788B800BBDA31 /* SettingsView.swift in Sources */,
				0A2A7B8429C73D9200BBDA31 /* Modifier+Extension.swift in Sources */,
				0A2A7B8C29C7C56D00BBDA31 /* FileWriter.swift in Sources */,
				0A2A7B8229C6AF6F00BBDA31 /* FloatingPanel.swift in Sources */,
			);
			runOnlyForDeploymentPostprocessing = 0;
		};
		0AD5C73B29C66A2700D4C07F /* Sources */ = {
			isa = PBXSourcesBuildPhase;
			buildActionMask = 2147483647;
			files = (
				0AD5C74429C66A2700D4C07F /* CaptureTests.swift in Sources */,
			);
			runOnlyForDeploymentPostprocessing = 0;
		};
		0AD5C74529C66A2700D4C07F /* Sources */ = {
			isa = PBXSourcesBuildPhase;
			buildActionMask = 2147483647;
			files = (
				0AD5C74E29C66A2700D4C07F /* CaptureUITests.swift in Sources */,
				0AD5C75029C66A2700D4C07F /* CaptureUITestsLaunchTests.swift in Sources */,
			);
			runOnlyForDeploymentPostprocessing = 0;
		};
/* End PBXSourcesBuildPhase section */

/* Begin PBXTargetDependency section */
		0AD5C74129C66A2700D4C07F /* PBXTargetDependency */ = {
			isa = PBXTargetDependency;
			target = 0AD5C72D29C66A2500D4C07F /* Capture */;
			targetProxy = 0AD5C74029C66A2700D4C07F /* PBXContainerItemProxy */;
		};
		0AD5C74B29C66A2700D4C07F /* PBXTargetDependency */ = {
			isa = PBXTargetDependency;
			target = 0AD5C72D29C66A2500D4C07F /* Capture */;
			targetProxy = 0AD5C74A29C66A2700D4C07F /* PBXContainerItemProxy */;
		};
/* End PBXTargetDependency section */

/* Begin XCBuildConfiguration section */
		0AD5C75129C66A2700D4C07F /* Debug */ = {
			isa = XCBuildConfiguration;
			buildSettings = {
				ALWAYS_SEARCH_USER_PATHS = NO;
				CLANG_ANALYZER_NONNULL = YES;
				CLANG_ANALYZER_NUMBER_OBJECT_CONVERSION = YES_AGGRESSIVE;
				CLANG_CXX_LANGUAGE_STANDARD = "gnu++20";
				CLANG_ENABLE_MODULES = YES;
				CLANG_ENABLE_OBJC_ARC = YES;
				CLANG_ENABLE_OBJC_WEAK = YES;
				CLANG_WARN_BLOCK_CAPTURE_AUTORELEASING = YES;
				CLANG_WARN_BOOL_CONVERSION = YES;
				CLANG_WARN_COMMA = YES;
				CLANG_WARN_CONSTANT_CONVERSION = YES;
				CLANG_WARN_DEPRECATED_OBJC_IMPLEMENTATIONS = YES;
				CLANG_WARN_DIRECT_OBJC_ISA_USAGE = YES_ERROR;
				CLANG_WARN_DOCUMENTATION_COMMENTS = YES;
				CLANG_WARN_EMPTY_BODY = YES;
				CLANG_WARN_ENUM_CONVERSION = YES;
				CLANG_WARN_INFINITE_RECURSION = YES;
				CLANG_WARN_INT_CONVERSION = YES;
				CLANG_WARN_NON_LITERAL_NULL_CONVERSION = YES;
				CLANG_WARN_OBJC_IMPLICIT_RETAIN_SELF = YES;
				CLANG_WARN_OBJC_LITERAL_CONVERSION = YES;
				CLANG_WARN_OBJC_ROOT_CLASS = YES_ERROR;
				CLANG_WARN_QUOTED_INCLUDE_IN_FRAMEWORK_HEADER = YES;
				CLANG_WARN_RANGE_LOOP_ANALYSIS = YES;
				CLANG_WARN_STRICT_PROTOTYPES = YES;
				CLANG_WARN_SUSPICIOUS_MOVE = YES;
				CLANG_WARN_UNGUARDED_AVAILABILITY = YES_AGGRESSIVE;
				CLANG_WARN_UNREACHABLE_CODE = YES;
				CLANG_WARN__DUPLICATE_METHOD_MATCH = YES;
				COPY_PHASE_STRIP = NO;
				DEBUG_INFORMATION_FORMAT = dwarf;
				ENABLE_STRICT_OBJC_MSGSEND = YES;
				ENABLE_TESTABILITY = YES;
				GCC_C_LANGUAGE_STANDARD = gnu11;
				GCC_DYNAMIC_NO_PIC = NO;
				GCC_NO_COMMON_BLOCKS = YES;
				GCC_OPTIMIZATION_LEVEL = 0;
				GCC_PREPROCESSOR_DEFINITIONS = (
					"DEBUG=1",
					"$(inherited)",
				);
				GCC_WARN_64_TO_32_BIT_CONVERSION = YES;
				GCC_WARN_ABOUT_RETURN_TYPE = YES_ERROR;
				GCC_WARN_UNDECLARED_SELECTOR = YES;
				GCC_WARN_UNINITIALIZED_AUTOS = YES_AGGRESSIVE;
				GCC_WARN_UNUSED_FUNCTION = YES;
				GCC_WARN_UNUSED_VARIABLE = YES;
				MACOSX_DEPLOYMENT_TARGET = 12.5;
				MTL_ENABLE_DEBUG_INFO = INCLUDE_SOURCE;
				MTL_FAST_MATH = YES;
				ONLY_ACTIVE_ARCH = YES;
				SDKROOT = macosx;
				SWIFT_ACTIVE_COMPILATION_CONDITIONS = DEBUG;
				SWIFT_OPTIMIZATION_LEVEL = "-Onone";
			};
			name = Debug;
		};
		0AD5C75229C66A2700D4C07F /* Release */ = {
			isa = XCBuildConfiguration;
			buildSettings = {
				ALWAYS_SEARCH_USER_PATHS = NO;
				CLANG_ANALYZER_NONNULL = YES;
				CLANG_ANALYZER_NUMBER_OBJECT_CONVERSION = YES_AGGRESSIVE;
				CLANG_CXX_LANGUAGE_STANDARD = "gnu++20";
				CLANG_ENABLE_MODULES = YES;
				CLANG_ENABLE_OBJC_ARC = YES;
				CLANG_ENABLE_OBJC_WEAK = YES;
				CLANG_WARN_BLOCK_CAPTURE_AUTORELEASING = YES;
				CLANG_WARN_BOOL_CONVERSION = YES;
				CLANG_WARN_COMMA = YES;
				CLANG_WARN_CONSTANT_CONVERSION = YES;
				CLANG_WARN_DEPRECATED_OBJC_IMPLEMENTATIONS = YES;
				CLANG_WARN_DIRECT_OBJC_ISA_USAGE = YES_ERROR;
				CLANG_WARN_DOCUMENTATION_COMMENTS = YES;
				CLANG_WARN_EMPTY_BODY = YES;
				CLANG_WARN_ENUM_CONVERSION = YES;
				CLANG_WARN_INFINITE_RECURSION = YES;
				CLANG_WARN_INT_CONVERSION = YES;
				CLANG_WARN_NON_LITERAL_NULL_CONVERSION = YES;
				CLANG_WARN_OBJC_IMPLICIT_RETAIN_SELF = YES;
				CLANG_WARN_OBJC_LITERAL_CONVERSION = YES;
				CLANG_WARN_OBJC_ROOT_CLASS = YES_ERROR;
				CLANG_WARN_QUOTED_INCLUDE_IN_FRAMEWORK_HEADER = YES;
				CLANG_WARN_RANGE_LOOP_ANALYSIS = YES;
				CLANG_WARN_STRICT_PROTOTYPES = YES;
				CLANG_WARN_SUSPICIOUS_MOVE = YES;
				CLANG_WARN_UNGUARDED_AVAILABILITY = YES_AGGRESSIVE;
				CLANG_WARN_UNREACHABLE_CODE = YES;
				CLANG_WARN__DUPLICATE_METHOD_MATCH = YES;
				COPY_PHASE_STRIP = NO;
				DEBUG_INFORMATION_FORMAT = "dwarf-with-dsym";
				ENABLE_NS_ASSERTIONS = NO;
				ENABLE_STRICT_OBJC_MSGSEND = YES;
				GCC_C_LANGUAGE_STANDARD = gnu11;
				GCC_NO_COMMON_BLOCKS = YES;
				GCC_WARN_64_TO_32_BIT_CONVERSION = YES;
				GCC_WARN_ABOUT_RETURN_TYPE = YES_ERROR;
				GCC_WARN_UNDECLARED_SELECTOR = YES;
				GCC_WARN_UNINITIALIZED_AUTOS = YES_AGGRESSIVE;
				GCC_WARN_UNUSED_FUNCTION = YES;
				GCC_WARN_UNUSED_VARIABLE = YES;
				MACOSX_DEPLOYMENT_TARGET = 12.5;
				MTL_ENABLE_DEBUG_INFO = NO;
				MTL_FAST_MATH = YES;
				SDKROOT = macosx;
				SWIFT_COMPILATION_MODE = wholemodule;
				SWIFT_OPTIMIZATION_LEVEL = "-O";
			};
			name = Release;
		};
		0AD5C75429C66A2700D4C07F /* Debug */ = {
			isa = XCBuildConfiguration;
			buildSettings = {
				ASSETCATALOG_COMPILER_APPICON_NAME = AppIcon;
				ASSETCATALOG_COMPILER_GLOBAL_ACCENT_COLOR_NAME = AccentColor;
				CODE_SIGN_ENTITLEMENTS = Capture/Capture.entitlements;
				CODE_SIGN_STYLE = Automatic;
				COMBINE_HIDPI_IMAGES = YES;
				CURRENT_PROJECT_VERSION = 1;
				DEVELOPMENT_ASSET_PATHS = "\"Capture/Preview Content\"";
				DEVELOPMENT_TEAM = 7VHDXN8BEL;
				ENABLE_HARDENED_RUNTIME = YES;
				ENABLE_PREVIEWS = YES;
				GENERATE_INFOPLIST_FILE = YES;
				INFOPLIST_KEY_NSHumanReadableCopyright = "";
				LD_RUNPATH_SEARCH_PATHS = (
					"$(inherited)",
					"@executable_path/../Frameworks",
				);
				MACOSX_DEPLOYMENT_TARGET = 13.0;
				MARKETING_VERSION = 1.0;
				PRODUCT_BUNDLE_IDENTIFIER = Ruin.Capture;
				PRODUCT_NAME = "$(TARGET_NAME)";
				SWIFT_EMIT_LOC_STRINGS = YES;
				SWIFT_VERSION = 5.0;
			};
			name = Debug;
		};
		0AD5C75529C66A2700D4C07F /* Release */ = {
			isa = XCBuildConfiguration;
			buildSettings = {
				ASSETCATALOG_COMPILER_APPICON_NAME = AppIcon;
				ASSETCATALOG_COMPILER_GLOBAL_ACCENT_COLOR_NAME = AccentColor;
				CODE_SIGN_ENTITLEMENTS = Capture/Capture.entitlements;
				CODE_SIGN_STYLE = Automatic;
				COMBINE_HIDPI_IMAGES = YES;
				CURRENT_PROJECT_VERSION = 1;
				DEVELOPMENT_ASSET_PATHS = "\"Capture/Preview Content\"";
				DEVELOPMENT_TEAM = 7VHDXN8BEL;
				ENABLE_HARDENED_RUNTIME = YES;
				ENABLE_PREVIEWS = YES;
				GENERATE_INFOPLIST_FILE = YES;
				INFOPLIST_KEY_NSHumanReadableCopyright = "";
				LD_RUNPATH_SEARCH_PATHS = (
					"$(inherited)",
					"@executable_path/../Frameworks",
				);
				MACOSX_DEPLOYMENT_TARGET = 13.0;
				MARKETING_VERSION = 1.0;
				PRODUCT_BUNDLE_IDENTIFIER = Ruin.Capture;
				PRODUCT_NAME = "$(TARGET_NAME)";
				SWIFT_EMIT_LOC_STRINGS = YES;
				SWIFT_VERSION = 5.0;
			};
			name = Release;
		};
		0AD5C75729C66A2700D4C07F /* Debug */ = {
			isa = XCBuildConfiguration;
			buildSettings = {
				ALWAYS_EMBED_SWIFT_STANDARD_LIBRARIES = YES;
				BUNDLE_LOADER = "$(TEST_HOST)";
				CODE_SIGN_STYLE = Automatic;
				CURRENT_PROJECT_VERSION = 1;
				DEVELOPMENT_TEAM = 7VHDXN8BEL;
				GENERATE_INFOPLIST_FILE = YES;
				MACOSX_DEPLOYMENT_TARGET = 12.5;
				MARKETING_VERSION = 1.0;
				PRODUCT_BUNDLE_IDENTIFIER = Ruin.CaptureTests;
				PRODUCT_NAME = "$(TARGET_NAME)";
				SWIFT_EMIT_LOC_STRINGS = NO;
				SWIFT_VERSION = 5.0;
				TEST_HOST = "$(BUILT_PRODUCTS_DIR)/Capture.app/$(BUNDLE_EXECUTABLE_FOLDER_PATH)/Capture";
			};
			name = Debug;
		};
		0AD5C75829C66A2700D4C07F /* Release */ = {
			isa = XCBuildConfiguration;
			buildSettings = {
				ALWAYS_EMBED_SWIFT_STANDARD_LIBRARIES = YES;
				BUNDLE_LOADER = "$(TEST_HOST)";
				CODE_SIGN_STYLE = Automatic;
				CURRENT_PROJECT_VERSION = 1;
				DEVELOPMENT_TEAM = 7VHDXN8BEL;
				GENERATE_INFOPLIST_FILE = YES;
				MACOSX_DEPLOYMENT_TARGET = 12.5;
				MARKETING_VERSION = 1.0;
				PRODUCT_BUNDLE_IDENTIFIER = Ruin.CaptureTests;
				PRODUCT_NAME = "$(TARGET_NAME)";
				SWIFT_EMIT_LOC_STRINGS = NO;
				SWIFT_VERSION = 5.0;
				TEST_HOST = "$(BUILT_PRODUCTS_DIR)/Capture.app/$(BUNDLE_EXECUTABLE_FOLDER_PATH)/Capture";
			};
			name = Release;
		};
		0AD5C75A29C66A2700D4C07F /* Debug */ = {
			isa = XCBuildConfiguration;
			buildSettings = {
				ALWAYS_EMBED_SWIFT_STANDARD_LIBRARIES = YES;
				CODE_SIGN_STYLE = Automatic;
				CURRENT_PROJECT_VERSION = 1;
				DEVELOPMENT_TEAM = 7VHDXN8BEL;
				GENERATE_INFOPLIST_FILE = YES;
				MARKETING_VERSION = 1.0;
				PRODUCT_BUNDLE_IDENTIFIER = Ruin.CaptureUITests;
				PRODUCT_NAME = "$(TARGET_NAME)";
				SWIFT_EMIT_LOC_STRINGS = NO;
				SWIFT_VERSION = 5.0;
				TEST_TARGET_NAME = Capture;
			};
			name = Debug;
		};
		0AD5C75B29C66A2700D4C07F /* Release */ = {
			isa = XCBuildConfiguration;
			buildSettings = {
				ALWAYS_EMBED_SWIFT_STANDARD_LIBRARIES = YES;
				CODE_SIGN_STYLE = Automatic;
				CURRENT_PROJECT_VERSION = 1;
				DEVELOPMENT_TEAM = 7VHDXN8BEL;
				GENERATE_INFOPLIST_FILE = YES;
				MARKETING_VERSION = 1.0;
				PRODUCT_BUNDLE_IDENTIFIER = Ruin.CaptureUITests;
				PRODUCT_NAME = "$(TARGET_NAME)";
				SWIFT_EMIT_LOC_STRINGS = NO;
				SWIFT_VERSION = 5.0;
				TEST_TARGET_NAME = Capture;
			};
			name = Release;
		};
/* End XCBuildConfiguration section */

/* Begin XCConfigurationList section */
		0AD5C72929C66A2500D4C07F /* Build configuration list for PBXProject "Capture" */ = {
			isa = XCConfigurationList;
			buildConfigurations = (
				0AD5C75129C66A2700D4C07F /* Debug */,
				0AD5C75229C66A2700D4C07F /* Release */,
			);
			defaultConfigurationIsVisible = 0;
			defaultConfigurationName = Release;
		};
		0AD5C75329C66A2700D4C07F /* Build configuration list for PBXNativeTarget "Capture" */ = {
			isa = XCConfigurationList;
			buildConfigurations = (
				0AD5C75429C66A2700D4C07F /* Debug */,
				0AD5C75529C66A2700D4C07F /* Release */,
			);
			defaultConfigurationIsVisible = 0;
			defaultConfigurationName = Release;
		};
		0AD5C75629C66A2700D4C07F /* Build configuration list for PBXNativeTarget "CaptureTests" */ = {
			isa = XCConfigurationList;
			buildConfigurations = (
				0AD5C75729C66A2700D4C07F /* Debug */,
				0AD5C75829C66A2700D4C07F /* Release */,
			);
			defaultConfigurationIsVisible = 0;
			defaultConfigurationName = Release;
		};
		0AD5C75929C66A2700D4C07F /* Build configuration list for PBXNativeTarget "CaptureUITests" */ = {
			isa = XCConfigurationList;
			buildConfigurations = (
				0AD5C75A29C66A2700D4C07F /* Debug */,
				0AD5C75B29C66A2700D4C07F /* Release */,
			);
			defaultConfigurationIsVisible = 0;
			defaultConfigurationName = Release;
		};
/* End XCConfigurationList section */

/* Begin XCRemoteSwiftPackageReference section */
		0AAD267B29C66E80003764FB /* XCRemoteSwiftPackageReference "SwiftDown" */ = {
			isa = XCRemoteSwiftPackageReference;
			repositoryURL = "https://github.com/qeude/SwiftDown.git";
			requirement = {
				kind = upToNextMajorVersion;
				minimumVersion = 0.2.0;
			};
		};
		0AAD267E29C6796F003764FB /* XCRemoteSwiftPackageReference "KeyboardShortcuts" */ = {
			isa = XCRemoteSwiftPackageReference;
			repositoryURL = "https://github.com/sindresorhus/KeyboardShortcuts";
			requirement = {
				branch = main;
				kind = branch;
			};
		};
		0AAD268129C67B72003764FB /* XCRemoteSwiftPackageReference "HotKey" */ = {
			isa = XCRemoteSwiftPackageReference;
			repositoryURL = "https://github.com/soffes/HotKey";
			requirement = {
				branch = master;
				kind = branch;
			};
		};
/* End XCRemoteSwiftPackageReference section */

/* Begin XCSwiftPackageProductDependency section */
		0AAD267C29C66E80003764FB /* SwiftDown */ = {
			isa = XCSwiftPackageProductDependency;
			package = 0AAD267B29C66E80003764FB /* XCRemoteSwiftPackageReference "SwiftDown" */;
			productName = SwiftDown;
		};
		0AAD267F29C6796F003764FB /* KeyboardShortcuts */ = {
			isa = XCSwiftPackageProductDependency;
			package = 0AAD267E29C6796F003764FB /* XCRemoteSwiftPackageReference "KeyboardShortcuts" */;
			productName = KeyboardShortcuts;
		};
		0AAD268229C67B72003764FB /* HotKey */ = {
			isa = XCSwiftPackageProductDependency;
			package = 0AAD268129C67B72003764FB /* XCRemoteSwiftPackageReference "HotKey" */;
			productName = HotKey;
		};
/* End XCSwiftPackageProductDependency section */
	};
	rootObject = 0AD5C72629C66A2500D4C07F /* Project object */;
}
